
Microsoft Visual Studio Solution File, Format Version 12.00
# Visual Studio Version 17
VisualStudioVersion = 17.7.34202.233
MinimumVisualStudioVersion = 10.0.40219.1
Project("{FAE04EC0-301F-11D3-BF4B-00C04F79EFBC}") = "24_10_23", "24_10_23\24_10_23.csproj", "{86BB1B1A-53E2-4C0B-8A59-4FA6613C807B}"
EndProject
Global
	GlobalSection(SolutionConfigurationPlatforms) = preSolution
		Debug|Any CPU = Debug|Any CPU
		Release|Any CPU = Release|Any CPU
	EndGlobalSection
	GlobalSection(ProjectConfigurationPlatforms) = postSolution
		{86BB1B1A-53E2-4C0B-8A59-4FA6613C807B}.Debug|Any CPU.ActiveCfg = Debug|Any CPU
		{86BB1B1A-53E2-4C0B-8A59-4FA6613C807B}.Debug|Any CPU.Build.0 = Debug|Any CPU
		{86BB1B1A-53E2-4C0B-8A59-4FA6613C807B}.Release|Any CPU.ActiveCfg = Release|Any CPU
		{86BB1B1A-53E2-4C0B-8A59-4FA6613C807B}.Release|Any CPU.Build.0 = Release|Any CPU
	EndGlobalSection
	GlobalSection(SolutionProperties) = preSolution
		HideSolutionNode = FALSE
	EndGlobalSection
	GlobalSection(ExtensibilityGlobals) = postSolution
		SolutionGuid = {7842B528-FA8D-40AF-94A5-2F227F89E8EC}
	EndGlobalSection
EndGlobal
